// !$*UTF8*$!
{
	archiveVersion = 1;
	classes = {
	};
	objectVersion = 46;
	objects = {

/* Begin PBXBuildFile section */
		253962631CBC941C0008AAE1 /* AppDelegate.swift in Sources */ = {isa = PBXBuildFile; fileRef = 253962621CBC941C0008AAE1 /* AppDelegate.swift */; };
		253962651CBC941C0008AAE1 /* ViewController.swift in Sources */ = {isa = PBXBuildFile; fileRef = 253962641CBC941C0008AAE1 /* ViewController.swift */; };
		253962681CBC941C0008AAE1 /* Main.storyboard in Resources */ = {isa = PBXBuildFile; fileRef = 253962661CBC941C0008AAE1 /* Main.storyboard */; };
		2539626A1CBC941C0008AAE1 /* Assets.xcassets in Resources */ = {isa = PBXBuildFile; fileRef = 253962691CBC941C0008AAE1 /* Assets.xcassets */; };
		2539626D1CBC941C0008AAE1 /* LaunchScreen.storyboard in Resources */ = {isa = PBXBuildFile; fileRef = 2539626B1CBC941C0008AAE1 /* LaunchScreen.storyboard */; };
		253962751CBCC33A0008AAE1 /* TestViewController.swift in Sources */ = {isa = PBXBuildFile; fileRef = 253962741CBCC33A0008AAE1 /* TestViewController.swift */; };
		253962791CBCC8380008AAE1 /* main.swift in Sources */ = {isa = PBXBuildFile; fileRef = 253962781CBCC8380008AAE1 /* main.swift */; };
		25C6A4871CBDE8830040F035 /* JSON.swift in Sources */ = {isa = PBXBuildFile; fileRef = 25C6A4851CBDE8830040F035 /* JSON.swift */; };
		25C6A4881CBDE8830040F035 /* PublicArt.json in Resources */ = {isa = PBXBuildFile; fileRef = 25C6A4861CBDE8830040F035 /* PublicArt.json */; };
		25C6A48A1CBDEB100040F035 /* Artwork.swift in Sources */ = {isa = PBXBuildFile; fileRef = 25C6A4891CBDEB100040F035 /* Artwork.swift */; };
		25C6A48C1CBDF4F10040F035 /* VCMapView.swift in Sources */ = {isa = PBXBuildFile; fileRef = 25C6A48B1CBDF4F10040F035 /* VCMapView.swift */; };
/* End PBXBuildFile section */

/* Begin PBXFileReference section */
		2539625F1CBC941C0008AAE1 /* MapKitTest.app */ = {isa = PBXFileReference; explicitFileType = wrapper.application; includeInIndex = 0; path = MapKitTest.app; sourceTree = BUILT_PRODUCTS_DIR; };
		253962621CBC941C0008AAE1 /* AppDelegate.swift */ = {isa = PBXFileReference; lastKnownFileType = sourcecode.swift; path = AppDelegate.swift; sourceTree = "<group>"; };
		253962641CBC941C0008AAE1 /* ViewController.swift */ = {isa = PBXFileReference; lastKnownFileType = sourcecode.swift; path = ViewController.swift; sourceTree = "<group>"; };
		253962671CBC941C0008AAE1 /* Base */ = {isa = PBXFileReference; lastKnownFileType = file.storyboard; name = Base; path = Base.lproj/Main.storyboard; sourceTree = "<group>"; };
		253962691CBC941C0008AAE1 /* Assets.xcassets */ = {isa = PBXFileReference; lastKnownFileType = folder.assetcatalog; path = Assets.xcassets; sourceTree = "<group>"; };
		2539626C1CBC941C0008AAE1 /* Base */ = {isa = PBXFileReference; lastKnownFileType = file.storyboard; name = Base; path = Base.lproj/LaunchScreen.storyboard; sourceTree = "<group>"; };
		2539626E1CBC941C0008AAE1 /* Info.plist */ = {isa = PBXFileReference; lastKnownFileType = text.plist.xml; path = Info.plist; sourceTree = "<group>"; };
		253962741CBCC33A0008AAE1 /* TestViewController.swift */ = {isa = PBXFileReference; fileEncoding = 4; lastKnownFileType = sourcecode.swift; path = TestViewController.swift; sourceTree = "<group>"; };
		253962781CBCC8380008AAE1 /* main.swift */ = {isa = PBXFileReference; fileEncoding = 4; lastKnownFileType = sourcecode.swift; path = main.swift; sourceTree = "<group>"; };
		25C6A4851CBDE8830040F035 /* JSON.swift */ = {isa = PBXFileReference; fileEncoding = 4; lastKnownFileType = sourcecode.swift; path = JSON.swift; sourceTree = "<group>"; };
		25C6A4861CBDE8830040F035 /* PublicArt.json */ = {isa = PBXFileReference; fileEncoding = 4; lastKnownFileType = text.json; path = PublicArt.json; sourceTree = "<group>"; };
		25C6A4891CBDEB100040F035 /* Artwork.swift */ = {isa = PBXFileReference; fileEncoding = 4; lastKnownFileType = sourcecode.swift; path = Artwork.swift; sourceTree = "<group>"; };
		25C6A48B1CBDF4F10040F035 /* VCMapView.swift */ = {isa = PBXFileReference; fileEncoding = 4; lastKnownFileType = sourcecode.swift; path = VCMapView.swift; sourceTree = "<group>"; };
/* End PBXFileReference section */

/* Begin PBXFrameworksBuildPhase section */
		2539625C1CBC941C0008AAE1 /* Frameworks */ = {
			isa = PBXFrameworksBuildPhase;
			buildActionMask = 2147483647;
			files = (
			);
			runOnlyForDeploymentPostprocessing = 0;
		};
/* End PBXFrameworksBuildPhase section */

/* Begin PBXGroup section */
		253962561CBC941C0008AAE1 = {
			isa = PBXGroup;
			children = (
				253962611CBC941C0008AAE1 /* MapKitTest */,
				253962601CBC941C0008AAE1 /* Products */,
			);
			sourceTree = "<group>";
		};
		253962601CBC941C0008AAE1 /* Products */ = {
			isa = PBXGroup;
			children = (
				2539625F1CBC941C0008AAE1 /* MapKitTest.app */,
			);
			name = Products;
			sourceTree = "<group>";
		};
		253962611CBC941C0008AAE1 /* MapKitTest */ = {
			isa = PBXGroup;
			children = (
				25C6A4841CBDE8490040F035 /* Supporting Files */,
				253962621CBC941C0008AAE1 /* AppDelegate.swift */,
				253962641CBC941C0008AAE1 /* ViewController.swift */,
				25C6A48B1CBDF4F10040F035 /* VCMapView.swift */,
				25C6A4891CBDEB100040F035 /* Artwork.swift */,
				253962661CBC941C0008AAE1 /* Main.storyboard */,
				253962691CBC941C0008AAE1 /* Assets.xcassets */,
				2539626B1CBC941C0008AAE1 /* LaunchScreen.storyboard */,
				2539626E1CBC941C0008AAE1 /* Info.plist */,
				253962741CBCC33A0008AAE1 /* TestViewController.swift */,
				253962781CBCC8380008AAE1 /* main.swift */,
			);
			path = MapKitTest;
			sourceTree = "<group>";
		};
		25C6A4841CBDE8490040F035 /* Supporting Files */ = {
			isa = PBXGroup;
			children = (
				25C6A4851CBDE8830040F035 /* JSON.swift */,
				25C6A4861CBDE8830040F035 /* PublicArt.json */,
			);
			path = "Supporting Files";
			sourceTree = "<group>";
		};
/* End PBXGroup section */

/* Begin PBXNativeTarget section */
		2539625E1CBC941C0008AAE1 /* MapKitTest */ = {
			isa = PBXNativeTarget;
			buildConfigurationList = 253962711CBC941C0008AAE1 /* Build configuration list for PBXNativeTarget "MapKitTest" */;
			buildPhases = (
				2539625B1CBC941C0008AAE1 /* Sources */,
				2539625C1CBC941C0008AAE1 /* Frameworks */,
				2539625D1CBC941C0008AAE1 /* Resources */,
			);
			buildRules = (
			);
			dependencies = (
			);
			name = MapKitTest;
			productName = MapKitTest;
			productReference = 2539625F1CBC941C0008AAE1 /* MapKitTest.app */;
			productType = "com.apple.product-type.application";
		};
/* End PBXNativeTarget section */

/* Begin PBXProject section */
		253962571CBC941C0008AAE1 /* Project object */ = {
			isa = PBXProject;
			attributes = {
				LastSwiftUpdateCheck = 0720;
				LastUpgradeCheck = 0720;
				ORGANIZATIONNAME = "snqu-ios";
				TargetAttributes = {
					2539625E1CBC941C0008AAE1 = {
						CreatedOnToolsVersion = 7.2.1;
					};
				};
			};
			buildConfigurationList = 2539625A1CBC941C0008AAE1 /* Build configuration list for PBXProject "MapKitTest" */;
			compatibilityVersion = "Xcode 3.2";
			developmentRegion = English;
			hasScannedForEncodings = 0;
			knownRegions = (
				en,
				Base,
			);
			mainGroup = 253962561CBC941C0008AAE1;
			productRefGroup = 253962601CBC941C0008AAE1 /* Products */;
			projectDirPath = "";
			projectRoot = "";
			targets = (
				2539625E1CBC941C0008AAE1 /* MapKitTest */,
			);
		};
/* End PBXProject section */

/* Begin PBXResourcesBuildPhase section */
		2539625D1CBC941C0008AAE1 /* Resources */ = {
			isa = PBXResourcesBuildPhase;
			buildActionMask = 2147483647;
			files = (
				25C6A4881CBDE8830040F035 /* PublicArt.json in Resources */,
				2539626D1CBC941C0008AAE1 /* LaunchScreen.storyboard in Resources */,
				2539626A1CBC941C0008AAE1 /* Assets.xcassets in Resources */,
				253962681CBC941C0008AAE1 /* Main.storyboard in Resources */,
			);
			runOnlyForDeploymentPostprocessing = 0;
		};
/* End PBXResourcesBuildPhase section */

/* Begin PBXSourcesBuildPhase section */
		2539625B1CBC941C0008AAE1 /* Sources */ = {
			isa = PBXSourcesBuildPhase;
			buildActionMask = 2147483647;
			files = (
				253962651CBC941C0008AAE1 /* ViewController.swift in Sources */,
				25C6A4871CBDE8830040F035 /* JSON.swift in Sources */,
				253962751CBCC33A0008AAE1 /* TestViewController.swift in Sources */,
				253962791CBCC8380008AAE1 /* main.swift in Sources */,
				25C6A48A1CBDEB100040F035 /* Artwork.swift in Sources */,
				25C6A48C1CBDF4F10040F035 /* VCMapView.swift in Sources */,
				253962631CBC941C0008AAE1 /* AppDelegate.swift in Sources */,
			);
			runOnlyForDeploymentPostprocessing = 0;
		};
/* End PBXSourcesBuildPhase section */

/* Begin PBXVariantGroup section */
		253962661CBC941C0008AAE1 /* Main.storyboard */ = {
			isa = PBXVariantGroup;
			children = (
				253962671CBC941C0008AAE1 /* Base */,
			);
			name = Main.storyboard;
			sourceTree = "<group>";
		};
		2539626B1CBC941C0008AAE1 /* LaunchScreen.storyboard */ = {
			isa = PBXVariantGroup;
			children = (
				2539626C1CBC941C0008AAE1 /* Base */,
			);
			name = LaunchScreen.storyboard;
			sourceTree = "<group>";
		};
/* End PBXVariantGroup section */

/* Begin XCBuildConfiguration section */
		2539626F1CBC941C0008AAE1 /* Debug */ = {
			isa = XCBuildConfiguration;
			buildSettings = {
				ALWAYS_SEARCH_USER_PATHS = NO;
				CLANG_CXX_LANGUAGE_STANDARD = "gnu++0x";
				CLANG_CXX_LIBRARY = "libc++";
				CLANG_ENABLE_MODULES = YES;
				CLANG_ENABLE_OBJC_ARC = YES;
				CLANG_WARN_BOOL_CONVERSION = YES;
				CLANG_WARN_CONSTANT_CONVERSION = YES;
				CLANG_WARN_DIRECT_OBJC_ISA_USAGE = YES_ERROR;
				CLANG_WARN_EMPTY_BODY = YES;
				CLANG_WARN_ENUM_CONVERSION = YES;
				CLANG_WARN_INT_CONVERSION = YES;
				CLANG_WARN_OBJC_ROOT_CLASS = YES_ERROR;
				CLANG_WARN_UNREACHABLE_CODE = YES;
				CLANG_WARN__DUPLICATE_METHOD_MATCH = YES;
				"CODE_SIGN_IDENTITY[sdk=iphoneos*]" = "iPhone Developer";
				COPY_PHASE_STRIP = NO;
				DEBUG_INFORMATION_FORMAT = dwarf;
				ENABLE_STRICT_OBJC_MSGSEND = YES;
				ENABLE_TESTABILITY = YES;
				GCC_C_LANGUAGE_STANDARD = gnu99;
				GCC_DYNAMIC_NO_PIC = NO;
				GCC_NO_COMMON_BLOCKS = YES;
				GCC_OPTIMIZATION_LEVEL = 0;
				GCC_PREPROCESSOR_DEFINITIONS = (
					"DEBUG=1",
					"$(inherited)",
				);
				GCC_WARN_64_TO_32_BIT_CONVERSION = YES;
				GCC_WARN_ABOUT_RETURN_TYPE = YES_ERROR;
				GCC_WARN_UNDECLARED_SELECTOR = YES;
				GCC_WARN_UNINITIALIZED_AUTOS = YES_AGGRESSIVE;
				GCC_WARN_UNUSED_FUNCTION = YES;
				GCC_WARN_UNUSED_VARIABLE = YES;
				IPHONEOS_DEPLOYMENT_TARGET = 9.2;
				MTL_ENABLE_DEBUG_INFO = YES;
				ONLY_ACTIVE_ARCH = YES;
				SDKROOT = iphoneos;
				SWIFT_OPTIMIZATION_LEVEL = "-Onone";
				TARGETED_DEVICE_FAMILY = "1,2";
			};
			name = Debug;
		};
		253962701CBC941C0008AAE1 /* Release */ = {
			isa = XCBuildConfiguration;
			buildSettings = {
				ALWAYS_SEARCH_USER_PATHS = NO;
				CLANG_CXX_LANGUAGE_STANDARD = "gnu++0x";
				CLANG_CXX_LIBRARY = "libc++";
				CLANG_ENABLE_MODULES = YES;
				CLANG_ENABLE_OBJC_ARC = YES;
				CLANG_WARN_BOOL_CONVERSION = YES;
				CLANG_WARN_CONSTANT_CONVERSION = YES;
				CLANG_WARN_DIRECT_OBJC_ISA_USAGE = YES_ERROR;
				CLANG_WARN_EMPTY_BODY = YES;
				CLANG_WARN_ENUM_CONVERSION = YES;
				CLANG_WARN_INT_CONVERSION = YES;
				CLANG_WARN_OBJC_ROOT_CLASS = YES_ERROR;
				CLANG_WARN_UNREACHABLE_CODE = YES;
				CLANG_WARN__DUPLICATE_METHOD_MATCH = YES;
				"CODE_SIGN_IDENTITY[sdk=iphoneos*]" = "iPhone Developer";
				COPY_PHASE_STRIP = NO;
				DEBUG_INFORMATION_FORMAT = "dwarf-with-dsym";
				ENABLE_NS_ASSERTIONS = NO;
				ENABLE_STRICT_OBJC_MSGSEND = YES;
				GCC_C_LANGUAGE_STANDARD = gnu99;
				GCC_NO_COMMON_BLOCKS = YES;
				GCC_WARN_64_TO_32_BIT_CONVERSION = YES;
				GCC_WARN_ABOUT_RETURN_TYPE = YES_ERROR;
				GCC_WARN_UNDECLARED_SELECTOR = YES;
				GCC_WARN_UNINITIALIZED_AUTOS = YES_AGGRESSIVE;
				GCC_WARN_UNUSED_FUNCTION = YES;
				GCC_WARN_UNUSED_VARIABLE = YES;
				IPHONEOS_DEPLOYMENT_TARGET = 9.2;
				MTL_ENABLE_DEBUG_INFO = NO;
				SDKROOT = iphoneos;
				TARGETED_DEVICE_FAMILY = "1,2";
				VALIDATE_PRODUCT = YES;
			};
			name = Release;
		};
		253962721CBC941C0008AAE1 /* Debug */ = {
			isa = XCBuildConfiguration;
			buildSettings = {
				ASSETCATALOG_COMPILER_APPICON_NAME = AppIcon;
				INFOPLIST_FILE = MapKitTest/Info.plist;
				IPHONEOS_DEPLOYMENT_TARGET = 8.0;
				LD_RUNPATH_SEARCH_PATHS = "$(inherited) @executable_path/Frameworks";
				PRODUCT_BUNDLE_IDENTIFIER = com.snqu.MapKitTest;
				PRODUCT_NAME = "$(TARGET_NAME)";
			};
			name = Debug;
		};
		253962731CBC941C0008AAE1 /* Release */ = {
			isa = XCBuildConfiguration;
			buildSettings = {
				ASSETCATALOG_COMPILER_APPICON_NAME = AppIcon;
				INFOPLIST_FILE = MapKitTest/Info.plist;
				IPHONEOS_DEPLOYMENT_TARGET = 8.0;
				LD_RUNPATH_SEARCH_PATHS = "$(inherited) @executable_path/Frameworks";
				PRODUCT_BUNDLE_IDENTIFIER = com.snqu.MapKitTest;
				PRODUCT_NAME = "$(TARGET_NAME)";
			};
			name = Release;
		};
/* End XCBuildConfiguration section */

/* Begin XCConfigurationList section */
		2539625A1CBC941C0008AAE1 /* Build configuration list for PBXProject "MapKitTest" */ = {
			isa = XCConfigurationList;
			buildConfigurations = (
				2539626F1CBC941C0008AAE1 /* Debug */,
				253962701CBC941C0008AAE1 /* Release */,
			);
			defaultConfigurationIsVisible = 0;
			defaultConfigurationName = Release;
		};
		253962711CBC941C0008AAE1 /* Build configuration list for PBXNativeTarget "MapKitTest" */ = {
			isa = XCConfigurationList;
			buildConfigurations = (
				253962721CBC941C0008AAE1 /* Debug */,
				253962731CBC941C0008AAE1 /* Release */,
			);
			defaultConfigurationIsVisible = 0;
			defaultConfigurationName = Release;
		};
/* End XCConfigurationList section */
	};
	rootObject = 253962571CBC941C0008AAE1 /* Project object */;
}
